
Microsoft Visual Studio Solution File, Format Version 12.00
# Visual Studio Version 16
VisualStudioVersion = 16.0.31410.357
MinimumVisualStudioVersion = 10.0.40219.1
Project("{FAE04EC0-301F-11D3-BF4B-00C04F79EFBC}") = "UploadFileExample", "UploadFileExample.csproj", "{384BF153-E467-4795-91D0-6B13D05168CC}"
EndProject
Global
	GlobalSection(SolutionConfigurationPlatforms) = preSolution
		Debug|Any CPU = Debug|Any CPU
		Release|Any CPU = Release|Any CPU
	EndGlobalSection
	GlobalSection(ProjectConfigurationPlatforms) = postSolution
		{384BF153-E467-4795-91D0-6B13D05168CC}.Debug|Any CPU.ActiveCfg = Debug|Any CPU
		{384BF153-E467-4795-91D0-6B13D05168CC}.Debug|Any CPU.Build.0 = Debug|Any CPU
		{384BF153-E467-4795-91D0-6B13D05168CC}.Release|Any CPU.ActiveCfg = Release|Any CPU
		{384BF153-E467-4795-91D0-6B13D05168CC}.Release|Any CPU.Build.0 = Release|Any CPU
	EndGlobalSection
	GlobalSection(SolutionProperties) = preSolution
		HideSolutionNode = FALSE
	EndGlobalSection
	GlobalSection(ExtensibilityGlobals) = postSolution
		SolutionGuid = {06AF6FB0-B1D5-4DE1-A7FA-650E48C93861}
	EndGlobalSection
EndGlobal
